// !$*UTF8*$!
{
	archiveVersion = 1;
	classes = {
	};
	objectVersion = 48;
	objects = {

/* Begin PBXBuildFile section */
		BC5BC8651F9D0D1A00C93210 /* AppDelegate.swift in Sources */ = {isa = PBXBuildFile; fileRef = BC5BC8641F9D0D1A00C93210 /* AppDelegate.swift */; };
		BC5BC8671F9D0D1A00C93210 /* ViewController.swift in Sources */ = {isa = PBXBuildFile; fileRef = BC5BC8661F9D0D1A00C93210 /* ViewController.swift */; };
		BC5BC86A1F9D0D1A00C93210 /* Main.storyboard in Resources */ = {isa = PBXBuildFile; fileRef = BC5BC8681F9D0D1A00C93210 /* Main.storyboard */; };
		BC5BC86C1F9D0D1A00C93210 /* Assets.xcassets in Resources */ = {isa = PBXBuildFile; fileRef = BC5BC86B1F9D0D1A00C93210 /* Assets.xcassets */; };
		BC5BC86F1F9D0D1A00C93210 /* LaunchScreen.storyboard in Resources */ = {isa = PBXBuildFile; fileRef = BC5BC86D1F9D0D1A00C93210 /* LaunchScreen.storyboard */; };
		EFC71265DF7D5E8EF24F4077 /* Pods_facebook_auth.framework in Frameworks */ = {isa = PBXBuildFile; fileRef = A718617273A7B1FEB6C4B967 /* Pods_facebook_auth.framework */; };
/* End PBXBuildFile section */

/* Begin PBXFileReference section */
		A718617273A7B1FEB6C4B967 /* Pods_facebook_auth.framework */ = {isa = PBXFileReference; explicitFileType = wrapper.framework; includeInIndex = 0; path = Pods_facebook_auth.framework; sourceTree = BUILT_PRODUCTS_DIR; };
		BC5BC8611F9D0D1A00C93210 /* facebook-auth.app */ = {isa = PBXFileReference; explicitFileType = wrapper.application; includeInIndex = 0; path = "facebook-auth.app"; sourceTree = BUILT_PRODUCTS_DIR; };
		BC5BC8641F9D0D1A00C93210 /* AppDelegate.swift */ = {isa = PBXFileReference; lastKnownFileType = sourcecode.swift; path = AppDelegate.swift; sourceTree = "<group>"; };
		BC5BC8661F9D0D1A00C93210 /* ViewController.swift */ = {isa = PBXFileReference; lastKnownFileType = sourcecode.swift; path = ViewController.swift; sourceTree = "<group>"; };
		BC5BC8691F9D0D1A00C93210 /* Base */ = {isa = PBXFileReference; lastKnownFileType = file.storyboard; name = Base; path = Base.lproj/Main.storyboard; sourceTree = "<group>"; };
		BC5BC86B1F9D0D1A00C93210 /* Assets.xcassets */ = {isa = PBXFileReference; lastKnownFileType = folder.assetcatalog; path = Assets.xcassets; sourceTree = "<group>"; };
		BC5BC86E1F9D0D1A00C93210 /* Base */ = {isa = PBXFileReference; lastKnownFileType = file.storyboard; name = Base; path = Base.lproj/LaunchScreen.storyboard; sourceTree = "<group>"; };
		BC5BC8701F9D0D1A00C93210 /* Info.plist */ = {isa = PBXFileReference; lastKnownFileType = text.plist.xml; path = Info.plist; sourceTree = "<group>"; };
		F1D06EB5C8668218F615D098 /* Pods-facebook-auth.release.xcconfig */ = {isa = PBXFileReference; includeInIndex = 1; lastKnownFileType = text.xcconfig; name = "Pods-facebook-auth.release.xcconfig"; path = "Pods/Target Support Files/Pods-facebook-auth/Pods-facebook-auth.release.xcconfig"; sourceTree = "<group>"; };
		F783A01EB4EA10B4150D13AE /* Pods-facebook-auth.debug.xcconfig */ = {isa = PBXFileReference; includeInIndex = 1; lastKnownFileType = text.xcconfig; name = "Pods-facebook-auth.debug.xcconfig"; path = "Pods/Target Support Files/Pods-facebook-auth/Pods-facebook-auth.debug.xcconfig"; sourceTree = "<group>"; };
/* End PBXFileReference section */

/* Begin PBXFrameworksBuildPhase section */
		BC5BC85E1F9D0D1A00C93210 /* Frameworks */ = {
			isa = PBXFrameworksBuildPhase;
			buildActionMask = 2147483647;
			files = (
				EFC71265DF7D5E8EF24F4077 /* Pods_facebook_auth.framework in Frameworks */,
			);
			runOnlyForDeploymentPostprocessing = 0;
		};
/* End PBXFrameworksBuildPhase section */

/* Begin PBXGroup section */
		2224A5FF05109EE5F0CDEABF /* Frameworks */ = {
			isa = PBXGroup;
			children = (
				A718617273A7B1FEB6C4B967 /* Pods_facebook_auth.framework */,
			);
			name = Frameworks;
			sourceTree = "<group>";
		};
		BC5BC8581F9D0D1A00C93210 = {
			isa = PBXGroup;
			children = (
				BC5BC8631F9D0D1A00C93210 /* facebook-auth */,
				BC5BC8621F9D0D1A00C93210 /* Products */,
				F7CED9965D32A0764AA937FF /* Pods */,
				2224A5FF05109EE5F0CDEABF /* Frameworks */,
			);
			sourceTree = "<group>";
		};
		BC5BC8621F9D0D1A00C93210 /* Products */ = {
			isa = PBXGroup;
			children = (
				BC5BC8611F9D0D1A00C93210 /* facebook-auth.app */,
			);
			name = Products;
			sourceTree = "<group>";
		};
		BC5BC8631F9D0D1A00C93210 /* facebook-auth */ = {
			isa = PBXGroup;
			children = (
				BC5BC8641F9D0D1A00C93210 /* AppDelegate.swift */,
				BC5BC8661F9D0D1A00C93210 /* ViewController.swift */,
				BC5BC8681F9D0D1A00C93210 /* Main.storyboard */,
				BC5BC86B1F9D0D1A00C93210 /* Assets.xcassets */,
				BC5BC86D1F9D0D1A00C93210 /* LaunchScreen.storyboard */,
				BC5BC8701F9D0D1A00C93210 /* Info.plist */,
			);
			path = "facebook-auth";
			sourceTree = "<group>";
		};
		F7CED9965D32A0764AA937FF /* Pods */ = {
			isa = PBXGroup;
			children = (
				F783A01EB4EA10B4150D13AE /* Pods-facebook-auth.debug.xcconfig */,
				F1D06EB5C8668218F615D098 /* Pods-facebook-auth.release.xcconfig */,
			);
			name = Pods;
			sourceTree = "<group>";
		};
/* End PBXGroup section */

/* Begin PBXNativeTarget section */
		BC5BC8601F9D0D1A00C93210 /* facebook-auth */ = {
			isa = PBXNativeTarget;
			buildConfigurationList = BC5BC8731F9D0D1A00C93210 /* Build configuration list for PBXNativeTarget "facebook-auth" */;
			buildPhases = (
				91211E4094E426791504A144 /* [CP] Check Pods Manifest.lock */,
				BC5BC85D1F9D0D1A00C93210 /* Sources */,
				BC5BC85E1F9D0D1A00C93210 /* Frameworks */,
				BC5BC85F1F9D0D1A00C93210 /* Resources */,
				F550187E70C84E14D638BFCD /* [CP] Embed Pods Frameworks */,
				F2C08B290E24895C353068B3 /* [CP] Copy Pods Resources */,
			);
			buildRules = (
			);
			dependencies = (
			);
			name = "facebook-auth";
			productName = "facebook-auth";
			productReference = BC5BC8611F9D0D1A00C93210 /* facebook-auth.app */;
			productType = "com.apple.product-type.application";
		};
/* End PBXNativeTarget section */

/* Begin PBXProject section */
		BC5BC8591F9D0D1A00C93210 /* Project object */ = {
			isa = PBXProject;
			attributes = {
				LastSwiftUpdateCheck = 0900;
				LastUpgradeCheck = 0900;
				ORGANIZATIONNAME = own;
				TargetAttributes = {
					BC5BC8601F9D0D1A00C93210 = {
						CreatedOnToolsVersion = 9.0;
						ProvisioningStyle = Automatic;
					};
				};
			};
			buildConfigurationList = BC5BC85C1F9D0D1A00C93210 /* Build configuration list for PBXProject "facebook-auth" */;
			compatibilityVersion = "Xcode 8.0";
			developmentRegion = en;
			hasScannedForEncodings = 0;
			knownRegions = (
				en,
				Base,
			);
			mainGroup = BC5BC8581F9D0D1A00C93210;
			productRefGroup = BC5BC8621F9D0D1A00C93210 /* Products */;
			projectDirPath = "";
			projectRoot = "";
			targets = (
				BC5BC8601F9D0D1A00C93210 /* facebook-auth */,
			);
		};
/* End PBXProject section */

/* Begin PBXResourcesBuildPhase section */
		BC5BC85F1F9D0D1A00C93210 /* Resources */ = {
			isa = PBXResourcesBuildPhase;
			buildActionMask = 2147483647;
			files = (
				BC5BC86F1F9D0D1A00C93210 /* LaunchScreen.storyboard in Resources */,
				BC5BC86C1F9D0D1A00C93210 /* Assets.xcassets in Resources */,
				BC5BC86A1F9D0D1A00C93210 /* Main.storyboard in Resources */,
			);
			runOnlyForDeploymentPostprocessing = 0;
		};
/* End PBXResourcesBuildPhase section */

/* Begin PBXShellScriptBuildPhase section */
		91211E4094E426791504A144 /* [CP] Check Pods Manifest.lock */ = {
			isa = PBXShellScriptBuildPhase;
			buildActionMask = 2147483647;
			files = (
			);
			inputPaths = (
				"${PODS_PODFILE_DIR_PATH}/Podfile.lock",
				"${PODS_ROOT}/Manifest.lock",
			);
			name = "[CP] Check Pods Manifest.lock";
			outputPaths = (
				"$(DERIVED_FILE_DIR)/Pods-facebook-auth-checkManifestLockResult.txt",
			);
			runOnlyForDeploymentPostprocessing = 0;
			shellPath = /bin/sh;
			shellScript = "diff \"${PODS_PODFILE_DIR_PATH}/Podfile.lock\" \"${PODS_ROOT}/Manifest.lock\" > /dev/null\nif [ $? != 0 ] ; then\n    # print error to STDERR\n    echo \"error: The sandbox is not in sync with the Podfile.lock. Run 'pod install' or update your CocoaPods installation.\" >&2\n    exit 1\nfi\n# This output is used by Xcode 'outputs' to avoid re-running this script phase.\necho \"SUCCESS\" > \"${SCRIPT_OUTPUT_FILE_0}\"\n";
			showEnvVarsInLog = 0;
		};
		F2C08B290E24895C353068B3 /* [CP] Copy Pods Resources */ = {
			isa = PBXShellScriptBuildPhase;
			buildActionMask = 2147483647;
			files = (
			);
			inputPaths = (
			);
			name = "[CP] Copy Pods Resources";
			outputPaths = (
			);
			runOnlyForDeploymentPostprocessing = 0;
			shellPath = /bin/sh;
			shellScript = "\"${SRCROOT}/Pods/Target Support Files/Pods-facebook-auth/Pods-facebook-auth-resources.sh\"\n";
			showEnvVarsInLog = 0;
		};
		F550187E70C84E14D638BFCD /* [CP] Embed Pods Frameworks */ = {
			isa = PBXShellScriptBuildPhase;
			buildActionMask = 2147483647;
			files = (
			);
			inputPaths = (
				"${SRCROOT}/Pods/Target Support Files/Pods-facebook-auth/Pods-facebook-auth-frameworks.sh",
				"${BUILT_PRODUCTS_DIR}/Bolts/Bolts.framework",
				"${BUILT_PRODUCTS_DIR}/FBSDKCoreKit/FBSDKCoreKit.framework",
				"${BUILT_PRODUCTS_DIR}/FBSDKLoginKit/FBSDKLoginKit.framework",
				"${BUILT_PRODUCTS_DIR}/FBSDKShareKit/FBSDKShareKit.framework",
				"${BUILT_PRODUCTS_DIR}/FacebookCore/FacebookCore.framework",
				"${BUILT_PRODUCTS_DIR}/FacebookLogin/FacebookLogin.framework",
				"${BUILT_PRODUCTS_DIR}/FacebookShare/FacebookShare.framework",
				"${BUILT_PRODUCTS_DIR}/SVProgressHUD/SVProgressHUD.framework",
			);
			name = "[CP] Embed Pods Frameworks";
			outputPaths = (
				"${TARGET_BUILD_DIR}/${FRAMEWORKS_FOLDER_PATH}/Bolts.framework",
				"${TARGET_BUILD_DIR}/${FRAMEWORKS_FOLDER_PATH}/FBSDKCoreKit.framework",
				"${TARGET_BUILD_DIR}/${FRAMEWORKS_FOLDER_PATH}/FBSDKLoginKit.framework",
				"${TARGET_BUILD_DIR}/${FRAMEWORKS_FOLDER_PATH}/FBSDKShareKit.framework",
				"${TARGET_BUILD_DIR}/${FRAMEWORKS_FOLDER_PATH}/FacebookCore.framework",
				"${TARGET_BUILD_DIR}/${FRAMEWORKS_FOLDER_PATH}/FacebookLogin.framework",
				"${TARGET_BUILD_DIR}/${FRAMEWORKS_FOLDER_PATH}/FacebookShare.framework",
				"${TARGET_BUILD_DIR}/${FRAMEWORKS_FOLDER_PATH}/SVProgressHUD.framework",
			);
			runOnlyForDeploymentPostprocessing = 0;
			shellPath = /bin/sh;
			shellScript = "\"${SRCROOT}/Pods/Target Support Files/Pods-facebook-auth/Pods-facebook-auth-frameworks.sh\"\n";
			showEnvVarsInLog = 0;
		};
/* End PBXShellScriptBuildPhase section */

/* Begin PBXSourcesBuildPhase section */
		BC5BC85D1F9D0D1A00C93210 /* Sources */ = {
			isa = PBXSourcesBuildPhase;
			buildActionMask = 2147483647;
			files = (
				BC5BC8671F9D0D1A00C93210 /* ViewController.swift in Sources */,
				BC5BC8651F9D0D1A00C93210 /* AppDelegate.swift in Sources */,
			);
			runOnlyForDeploymentPostprocessing = 0;
		};
/* End PBXSourcesBuildPhase section */

/* Begin PBXVariantGroup section */
		BC5BC8681F9D0D1A00C93210 /* Main.storyboard */ = {
			isa = PBXVariantGroup;
			children = (
				BC5BC8691F9D0D1A00C93210 /* Base */,
			);
			name = Main.storyboard;
			sourceTree = "<group>";
		};
		BC5BC86D1F9D0D1A00C93210 /* LaunchScreen.storyboard */ = {
			isa = PBXVariantGroup;
			children = (
				BC5BC86E1F9D0D1A00C93210 /* Base */,
			);
			name = LaunchScreen.storyboard;
			sourceTree = "<group>";
		};
/* End PBXVariantGroup section */

/* Begin XCBuildConfiguration section */
		BC5BC8711F9D0D1A00C93210 /* Debug */ = {
			isa = XCBuildConfiguration;
			buildSettings = {
				ALWAYS_SEARCH_USER_PATHS = NO;
				CLANG_ANALYZER_NONNULL = YES;
				CLANG_ANALYZER_NUMBER_OBJECT_CONVERSION = YES_AGGRESSIVE;
				CLANG_CXX_LANGUAGE_STANDARD = "gnu++14";
				CLANG_CXX_LIBRARY = "libc++";
				CLANG_ENABLE_MODULES = YES;
				CLANG_ENABLE_OBJC_ARC = YES;
				CLANG_WARN_BLOCK_CAPTURE_AUTORELEASING = YES;
				CLANG_WARN_BOOL_CONVERSION = YES;
				CLANG_WARN_COMMA = YES;
				CLANG_WARN_CONSTANT_CONVERSION = YES;
				CLANG_WARN_DIRECT_OBJC_ISA_USAGE = YES_ERROR;
				CLANG_WARN_DOCUMENTATION_COMMENTS = YES;
				CLANG_WARN_EMPTY_BODY = YES;
				CLANG_WARN_ENUM_CONVERSION = YES;
				CLANG_WARN_INFINITE_RECURSION = YES;
				CLANG_WARN_INT_CONVERSION = YES;
				CLANG_WARN_NON_LITERAL_NULL_CONVERSION = YES;
				CLANG_WARN_OBJC_LITERAL_CONVERSION = YES;
				CLANG_WARN_OBJC_ROOT_CLASS = YES_ERROR;
				CLANG_WARN_RANGE_LOOP_ANALYSIS = YES;
				CLANG_WARN_STRICT_PROTOTYPES = YES;
				CLANG_WARN_SUSPICIOUS_MOVE = YES;
				CLANG_WARN_UNGUARDED_AVAILABILITY = YES_AGGRESSIVE;
				CLANG_WARN_UNREACHABLE_CODE = YES;
				CLANG_WARN__DUPLICATE_METHOD_MATCH = YES;
				CODE_SIGN_IDENTITY = "iPhone Developer";
				COPY_PHASE_STRIP = NO;
				DEBUG_INFORMATION_FORMAT = dwarf;
				ENABLE_STRICT_OBJC_MSGSEND = YES;
				ENABLE_TESTABILITY = YES;
				GCC_C_LANGUAGE_STANDARD = gnu11;
				GCC_DYNAMIC_NO_PIC = NO;
				GCC_NO_COMMON_BLOCKS = YES;
				GCC_OPTIMIZATION_LEVEL = 0;
				GCC_PREPROCESSOR_DEFINITIONS = (
					"DEBUG=1",
					"$(inherited)",
				);
				GCC_WARN_64_TO_32_BIT_CONVERSION = YES;
				GCC_WARN_ABOUT_RETURN_TYPE = YES_ERROR;
				GCC_WARN_UNDECLARED_SELECTOR = YES;
				GCC_WARN_UNINITIALIZED_AUTOS = YES_AGGRESSIVE;
				GCC_WARN_UNUSED_FUNCTION = YES;
				GCC_WARN_UNUSED_VARIABLE = YES;
				IPHONEOS_DEPLOYMENT_TARGET = 11.0;
				MTL_ENABLE_DEBUG_INFO = YES;
				ONLY_ACTIVE_ARCH = YES;
				SDKROOT = iphoneos;
				SWIFT_ACTIVE_COMPILATION_CONDITIONS = DEBUG;
				SWIFT_OPTIMIZATION_LEVEL = "-Onone";
			};
			name = Debug;
		};
		BC5BC8721F9D0D1A00C93210 /* Release */ = {
			isa = XCBuildConfiguration;
			buildSettings = {
				ALWAYS_SEARCH_USER_PATHS = NO;
				CLANG_ANALYZER_NONNULL = YES;
				CLANG_ANALYZER_NUMBER_OBJECT_CONVERSION = YES_AGGRESSIVE;
				CLANG_CXX_LANGUAGE_STANDARD = "gnu++14";
				CLANG_CXX_LIBRARY = "libc++";
				CLANG_ENABLE_MODULES = YES;
				CLANG_ENABLE_OBJC_ARC = YES;
				CLANG_WARN_BLOCK_CAPTURE_AUTORELEASING = YES;
				CLANG_WARN_BOOL_CONVERSION = YES;
				CLANG_WARN_COMMA = YES;
				CLANG_WARN_CONSTANT_CONVERSION = YES;
				CLANG_WARN_DIRECT_OBJC_ISA_USAGE = YES_ERROR;
				CLANG_WARN_DOCUMENTATION_COMMENTS = YES;
				CLANG_WARN_EMPTY_BODY = YES;
				CLANG_WARN_ENUM_CONVERSION = YES;
				CLANG_WARN_INFINITE_RECURSION = YES;
				CLANG_WARN_INT_CONVERSION = YES;
				CLANG_WARN_NON_LITERAL_NULL_CONVERSION = YES;
				CLANG_WARN_OBJC_LITERAL_CONVERSION = YES;
				CLANG_WARN_OBJC_ROOT_CLASS = YES_ERROR;
				CLANG_WARN_RANGE_LOOP_ANALYSIS = YES;
				CLANG_WARN_STRICT_PROTOTYPES = YES;
				CLANG_WARN_SUSPICIOUS_MOVE = YES;
				CLANG_WARN_UNGUARDED_AVAILABILITY = YES_AGGRESSIVE;
				CLANG_WARN_UNREACHABLE_CODE = YES;
				CLANG_WARN__DUPLICATE_METHOD_MATCH = YES;
				CODE_SIGN_IDENTITY = "iPhone Developer";
				COPY_PHASE_STRIP = NO;
				DEBUG_INFORMATION_FORMAT = "dwarf-with-dsym";
				ENABLE_NS_ASSERTIONS = NO;
				ENABLE_STRICT_OBJC_MSGSEND = YES;
				GCC_C_LANGUAGE_STANDARD = gnu11;
				GCC_NO_COMMON_BLOCKS = YES;
				GCC_WARN_64_TO_32_BIT_CONVERSION = YES;
				GCC_WARN_ABOUT_RETURN_TYPE = YES_ERROR;
				GCC_WARN_UNDECLARED_SELECTOR = YES;
				GCC_WARN_UNINITIALIZED_AUTOS = YES_AGGRESSIVE;
				GCC_WARN_UNUSED_FUNCTION = YES;
				GCC_WARN_UNUSED_VARIABLE = YES;
				IPHONEOS_DEPLOYMENT_TARGET = 11.0;
				MTL_ENABLE_DEBUG_INFO = NO;
				SDKROOT = iphoneos;
				SWIFT_OPTIMIZATION_LEVEL = "-Owholemodule";
				VALIDATE_PRODUCT = YES;
			};
			name = Release;
		};
		BC5BC8741F9D0D1A00C93210 /* Debug */ = {
			isa = XCBuildConfiguration;
			baseConfigurationReference = F783A01EB4EA10B4150D13AE /* Pods-facebook-auth.debug.xcconfig */;
			buildSettings = {
				ASSETCATALOG_COMPILER_APPICON_NAME = AppIcon;
				CODE_SIGN_STYLE = Automatic;
				DEVELOPMENT_TEAM = 8RYG9Z8Z6K;
				INFOPLIST_FILE = "facebook-auth/Info.plist";
				LD_RUNPATH_SEARCH_PATHS = "$(inherited) @executable_path/Frameworks";
				PRODUCT_BUNDLE_IDENTIFIER = "org.own.facebook-auth";
				PRODUCT_NAME = "$(TARGET_NAME)";
				SWIFT_VERSION = 4.0;
				TARGETED_DEVICE_FAMILY = "1,2";
			};
			name = Debug;
		};
		BC5BC8751F9D0D1A00C93210 /* Release */ = {
			isa = XCBuildConfiguration;
			baseConfigurationReference = F1D06EB5C8668218F615D098 /* Pods-facebook-auth.release.xcconfig */;
			buildSettings = {
				ASSETCATALOG_COMPILER_APPICON_NAME = AppIcon;
				CODE_SIGN_STYLE = Automatic;
				DEVELOPMENT_TEAM = 8RYG9Z8Z6K;
				INFOPLIST_FILE = "facebook-auth/Info.plist";
				LD_RUNPATH_SEARCH_PATHS = "$(inherited) @executable_path/Frameworks";
				PRODUCT_BUNDLE_IDENTIFIER = "org.own.facebook-auth";
				PRODUCT_NAME = "$(TARGET_NAME)";
				SWIFT_VERSION = 4.0;
				TARGETED_DEVICE_FAMILY = "1,2";
			};
			name = Release;
		};
/* End XCBuildConfiguration section */

/* Begin XCConfigurationList section */
		BC5BC85C1F9D0D1A00C93210 /* Build configuration list for PBXProject "facebook-auth" */ = {
			isa = XCConfigurationList;
			buildConfigurations = (
				BC5BC8711F9D0D1A00C93210 /* Debug */,
				BC5BC8721F9D0D1A00C93210 /* Release */,
			);
			defaultConfigurationIsVisible = 0;
			defaultConfigurationName = Release;
		};
		BC5BC8731F9D0D1A00C93210 /* Build configuration list for PBXNativeTarget "facebook-auth" */ = {
			isa = XCConfigurationList;
			buildConfigurations = (
				BC5BC8741F9D0D1A00C93210 /* Debug */,
				BC5BC8751F9D0D1A00C93210 /* Release */,
			);
			defaultConfigurationIsVisible = 0;
			defaultConfigurationName = Release;
		};
/* End XCConfigurationList section */
	};
	rootObject = BC5BC8591F9D0D1A00C93210 /* Project object */;
}
